
Microsoft Visual Studio Solution File, Format Version 12.00
# Visual Studio Version 16
VisualStudioVersion = 16.0.29926.136
MinimumVisualStudioVersion = 10.0.40219.1
Project("{FAE04EC0-301F-11D3-BF4B-00C04F79EFBC}") = "AndroidBackgroundTest.Android", "AndroidBackgroundTest\AndroidBackgroundTest.Android\AndroidBackgroundTest.Android.csproj", "{3202100B-15A4-40B5-BDE9-30FF12B6CA08}"
EndProject
Project("{FAE04EC0-301F-11D3-BF4B-00C04F79EFBC}") = "AndroidBackgroundTest.iOS", "AndroidBackgroundTest\AndroidBackgroundTest.iOS\AndroidBackgroundTest.iOS.csproj", "{FFA21053-7BA3-4E3B-B87A-2AC9427AEB17}"
EndProject
Project("{FAE04EC0-301F-11D3-BF4B-00C04F79EFBC}") = "AndroidBackgroundTest", "AndroidBackgroundTest\AndroidBackgroundTest\AndroidBackgroundTest.csproj", "{D8E83A63-2A84-4A3A-9374-00584D7AA3B6}"
EndProject
Global
	GlobalSection(SolutionConfigurationPlatforms) = preSolution
		Debug|Any CPU = Debug|Any CPU
		Debug|iPhone = Debug|iPhone
		Debug|iPhoneSimulator = Debug|iPhoneSimulator
		Release|Any CPU = Release|Any CPU
		Release|iPhone = Release|iPhone
		Release|iPhoneSimulator = Release|iPhoneSimulator
	EndGlobalSection
	GlobalSection(ProjectConfigurationPlatforms) = postSolution
		{3202100B-15A4-40B5-BDE9-30FF12B6CA08}.Debug|Any CPU.ActiveCfg = Debug|Any CPU
		{3202100B-15A4-40B5-BDE9-30FF12B6CA08}.Debug|Any CPU.Build.0 = Debug|Any CPU
		{3202100B-15A4-40B5-BDE9-30FF12B6CA08}.Debug|Any CPU.Deploy.0 = Debug|Any CPU
		{3202100B-15A4-40B5-BDE9-30FF12B6CA08}.Debug|iPhone.ActiveCfg = Debug|Any CPU
		{3202100B-15A4-40B5-BDE9-30FF12B6CA08}.Debug|iPhone.Build.0 = Debug|Any CPU
		{3202100B-15A4-40B5-BDE9-30FF12B6CA08}.Debug|iPhone.Deploy.0 = Debug|Any CPU
		{3202100B-15A4-40B5-BDE9-30FF12B6CA08}.Debug|iPhoneSimulator.ActiveCfg = Debug|Any CPU
		{3202100B-15A4-40B5-BDE9-30FF12B6CA08}.Debug|iPhoneSimulator.Build.0 = Debug|Any CPU
		{3202100B-15A4-40B5-BDE9-30FF12B6CA08}.Debug|iPhoneSimulator.Deploy.0 = Debug|Any CPU
		{3202100B-15A4-40B5-BDE9-30FF12B6CA08}.Release|Any CPU.ActiveCfg = Release|Any CPU
		{3202100B-15A4-40B5-BDE9-30FF12B6CA08}.Release|Any CPU.Build.0 = Release|Any CPU
		{3202100B-15A4-40B5-BDE9-30FF12B6CA08}.Release|Any CPU.Deploy.0 = Release|Any CPU
		{3202100B-15A4-40B5-BDE9-30FF12B6CA08}.Release|iPhone.ActiveCfg = Release|Any CPU
		{3202100B-15A4-40B5-BDE9-30FF12B6CA08}.Release|iPhone.Build.0 = Release|Any CPU
		{3202100B-15A4-40B5-BDE9-30FF12B6CA08}.Release|iPhone.Deploy.0 = Release|Any CPU
		{3202100B-15A4-40B5-BDE9-30FF12B6CA08}.Release|iPhoneSimulator.ActiveCfg = Release|Any CPU
		{3202100B-15A4-40B5-BDE9-30FF12B6CA08}.Release|iPhoneSimulator.Build.0 = Release|Any CPU
		{3202100B-15A4-40B5-BDE9-30FF12B6CA08}.Release|iPhoneSimulator.Deploy.0 = Release|Any CPU
		{FFA21053-7BA3-4E3B-B87A-2AC9427AEB17}.Debug|Any CPU.ActiveCfg = Debug|iPhone
		{FFA21053-7BA3-4E3B-B87A-2AC9427AEB17}.Debug|Any CPU.Build.0 = Debug|iPhone
		{FFA21053-7BA3-4E3B-B87A-2AC9427AEB17}.Debug|Any CPU.Deploy.0 = Debug|iPhone
		{FFA21053-7BA3-4E3B-B87A-2AC9427AEB17}.Debug|iPhone.ActiveCfg = Debug|iPhone
		{FFA21053-7BA3-4E3B-B87A-2AC9427AEB17}.Debug|iPhone.Build.0 = Debug|iPhone
		{FFA21053-7BA3-4E3B-B87A-2AC9427AEB17}.Debug|iPhone.Deploy.0 = Debug|iPhone
		{FFA21053-7BA3-4E3B-B87A-2AC9427AEB17}.Debug|iPhoneSimulator.ActiveCfg = Debug|iPhoneSimulator
		{FFA21053-7BA3-4E3B-B87A-2AC9427AEB17}.Debug|iPhoneSimulator.Build.0 = Debug|iPhoneSimulator
		{FFA21053-7BA3-4E3B-B87A-2AC9427AEB17}.Debug|iPhoneSimulator.Deploy.0 = Debug|iPhoneSimulator
		{FFA21053-7BA3-4E3B-B87A-2AC9427AEB17}.Release|Any CPU.ActiveCfg = Release|iPhone
		{FFA21053-7BA3-4E3B-B87A-2AC9427AEB17}.Release|Any CPU.Build.0 = Release|iPhone
		{FFA21053-7BA3-4E3B-B87A-2AC9427AEB17}.Release|Any CPU.Deploy.0 = Release|iPhone
		{FFA21053-7BA3-4E3B-B87A-2AC9427AEB17}.Release|iPhone.ActiveCfg = Release|iPhone
		{FFA21053-7BA3-4E3B-B87A-2AC9427AEB17}.Release|iPhone.Build.0 = Release|iPhone
		{FFA21053-7BA3-4E3B-B87A-2AC9427AEB17}.Release|iPhone.Deploy.0 = Release|iPhone
		{FFA21053-7BA3-4E3B-B87A-2AC9427AEB17}.Release|iPhoneSimulator.ActiveCfg = Release|iPhoneSimulator
		{FFA21053-7BA3-4E3B-B87A-2AC9427AEB17}.Release|iPhoneSimulator.Build.0 = Release|iPhoneSimulator
		{FFA21053-7BA3-4E3B-B87A-2AC9427AEB17}.Release|iPhoneSimulator.Deploy.0 = Release|iPhoneSimulator
		{D8E83A63-2A84-4A3A-9374-00584D7AA3B6}.Debug|Any CPU.ActiveCfg = Debug|Any CPU
		{D8E83A63-2A84-4A3A-9374-00584D7AA3B6}.Debug|Any CPU.Build.0 = Debug|Any CPU
		{D8E83A63-2A84-4A3A-9374-00584D7AA3B6}.Debug|Any CPU.Deploy.0 = Debug|Any CPU
		{D8E83A63-2A84-4A3A-9374-00584D7AA3B6}.Debug|iPhone.ActiveCfg = Debug|Any CPU
		{D8E83A63-2A84-4A3A-9374-00584D7AA3B6}.Debug|iPhone.Build.0 = Debug|Any CPU
		{D8E83A63-2A84-4A3A-9374-00584D7AA3B6}.Debug|iPhone.Deploy.0 = Debug|Any CPU
		{D8E83A63-2A84-4A3A-9374-00584D7AA3B6}.Debug|iPhoneSimulator.ActiveCfg = Debug|Any CPU
		{D8E83A63-2A84-4A3A-9374-00584D7AA3B6}.Debug|iPhoneSimulator.Build.0 = Debug|Any CPU
		{D8E83A63-2A84-4A3A-9374-00584D7AA3B6}.Debug|iPhoneSimulator.Deploy.0 = Debug|Any CPU
		{D8E83A63-2A84-4A3A-9374-00584D7AA3B6}.Release|Any CPU.ActiveCfg = Release|Any CPU
		{D8E83A63-2A84-4A3A-9374-00584D7AA3B6}.Release|Any CPU.Build.0 = Release|Any CPU
		{D8E83A63-2A84-4A3A-9374-00584D7AA3B6}.Release|Any CPU.Deploy.0 = Release|Any CPU
		{D8E83A63-2A84-4A3A-9374-00584D7AA3B6}.Release|iPhone.ActiveCfg = Release|Any CPU
		{D8E83A63-2A84-4A3A-9374-00584D7AA3B6}.Release|iPhone.Build.0 = Release|Any CPU
		{D8E83A63-2A84-4A3A-9374-00584D7AA3B6}.Release|iPhone.Deploy.0 = Release|Any CPU
		{D8E83A63-2A84-4A3A-9374-00584D7AA3B6}.Release|iPhoneSimulator.ActiveCfg = Release|Any CPU
		{D8E83A63-2A84-4A3A-9374-00584D7AA3B6}.Release|iPhoneSimulator.Build.0 = Release|Any CPU
		{D8E83A63-2A84-4A3A-9374-00584D7AA3B6}.Release|iPhoneSimulator.Deploy.0 = Release|Any CPU
	EndGlobalSection
	GlobalSection(SolutionProperties) = preSolution
		HideSolutionNode = FALSE
	EndGlobalSection
	GlobalSection(ExtensibilityGlobals) = postSolution
		SolutionGuid = {F2CFB1AE-9249-4BAC-98C8-E7AC09C3D3EB}
	EndGlobalSection
EndGlobal
